
Microsoft Visual Studio Solution File, Format Version 12.00
# Visual Studio Version 16
VisualStudioVersion = 16.0.30621.155
MinimumVisualStudioVersion = 10.0.40219.1
Project("{FAE04EC0-301F-11D3-BF4B-00C04F79EFBC}") = "ClassLibrary1", "ClassLibrary1\ClassLibrary1.csproj", "{7F47FCDA-841B-45E5-98D7-339B456BAB53}"
EndProject
Project("{FAE04EC0-301F-11D3-BF4B-00C04F79EFBC}") = "WindowsFormsApp", "WindowsFormsApp\WindowsFormsApp.csproj", "{5C5C7072-06BA-44CF-BFF7-791BA42980BE}"
EndProject
Global
	GlobalSection(SolutionConfigurationPlatforms) = preSolution
		Debug|Any CPU = Debug|Any CPU
		Release|Any CPU = Release|Any CPU
	EndGlobalSection
	GlobalSection(ProjectConfigurationPlatforms) = postSolution
		{7F47FCDA-841B-45E5-98D7-339B456BAB53}.Debug|Any CPU.ActiveCfg = Debug|Any CPU
		{7F47FCDA-841B-45E5-98D7-339B456BAB53}.Debug|Any CPU.Build.0 = Debug|Any CPU
		{7F47FCDA-841B-45E5-98D7-339B456BAB53}.Release|Any CPU.ActiveCfg = Release|Any CPU
		{7F47FCDA-841B-45E5-98D7-339B456BAB53}.Release|Any CPU.Build.0 = Release|Any CPU
		{5C5C7072-06BA-44CF-BFF7-791BA42980BE}.Debug|Any CPU.ActiveCfg = Debug|Any CPU
		{5C5C7072-06BA-44CF-BFF7-791BA42980BE}.Debug|Any CPU.Build.0 = Debug|Any CPU
		{5C5C7072-06BA-44CF-BFF7-791BA42980BE}.Release|Any CPU.ActiveCfg = Release|Any CPU
		{5C5C7072-06BA-44CF-BFF7-791BA42980BE}.Release|Any CPU.Build.0 = Release|Any CPU
	EndGlobalSection
	GlobalSection(SolutionProperties) = preSolution
		HideSolutionNode = FALSE
	EndGlobalSection
	GlobalSection(ExtensibilityGlobals) = postSolution
		SolutionGuid = {14B4960A-6B6B-4E82-9C17-8A98FB326241}
	EndGlobalSection
EndGlobal
